PODS:
  - Flutter (1.0.0)
  - signalr_flutter (0.0.1):
    - Flutter

DEPENDENCIES:
  - Flutter (from `Flutter`)
  - signalr_flutter (from `.symlinks/plugins/signalr_flutter/ios`)

EXTERNAL SOURCES:
  Flutter:
    :path: Flutter
  signalr_flutter:
    :path: ".symlinks/plugins/signalr_flutter/ios"

SPEC CHECKSUMS:
  Flutter: cabc95a1d2626b1b06e7179b784ebcf0c0cde467
  signalr_flutter: 3409faa0d159e3e6415ded5116ae3374a46d7bd2

PODFILE CHECKSUM: 0dbd5a87e0ace00c9610d2037ac22083a01f861d

COCOAPODS: 1.16.2
